
Microsoft Visual Studio Solution File, Format Version 12.00
# Visual Studio Version 17
VisualStudioVersion = 17.13.35828.75
MinimumVisualStudioVersion = 10.0.40219.1
Project("{FAE04EC0-301F-11D3-BF4B-00C04F79EFBC}") = "modsenpractice", "modsenpractice\modsenpractice.csproj", "{1F5D7352-60F2-4E87-861E-0BDD0FCBE17A}"
EndProject
Project("{FAE04EC0-301F-11D3-BF4B-00C04F79EFBC}") = "DAL", "DAL\DAL.csproj", "{E4FD987B-A740-45E0-B191-F4AC32ED0297}"
EndProject
Project("{FAE04EC0-301F-11D3-BF4B-00C04F79EFBC}") = "BLL", "BLL\BLL.csproj", "{0679C50D-0206-4D9E-9809-4C0C86CA3D26}"
	ProjectSection(ProjectDependencies) = postProject
		{E4FD987B-A740-45E0-B191-F4AC32ED0297} = {E4FD987B-A740-45E0-B191-F4AC32ED0297}
	EndProjectSection
EndProject
Project("{E53339B2-1760-4266-BCC7-CA923CBCF16C}") = "docker-compose", "docker-compose.dcproj", "{81DDED9D-158B-E303-5F62-77A2896D2A5A}"
EndProject
Project("{FAE04EC0-301F-11D3-BF4B-00C04F79EFBC}") = "Tests", "..\Tests\Tests.csproj", "{D1CE261B-0DE2-4928-AA4F-62B8A4ABC9EA}"
EndProject
Global
	GlobalSection(SolutionConfigurationPlatforms) = preSolution
		Debug|Any CPU = Debug|Any CPU
		Release|Any CPU = Release|Any CPU
	EndGlobalSection
	GlobalSection(ProjectConfigurationPlatforms) = postSolution
		{1F5D7352-60F2-4E87-861E-0BDD0FCBE17A}.Debug|Any CPU.ActiveCfg = Debug|Any CPU
		{1F5D7352-60F2-4E87-861E-0BDD0FCBE17A}.Debug|Any CPU.Build.0 = Debug|Any CPU
		{1F5D7352-60F2-4E87-861E-0BDD0FCBE17A}.Release|Any CPU.ActiveCfg = Release|Any CPU
		{1F5D7352-60F2-4E87-861E-0BDD0FCBE17A}.Release|Any CPU.Build.0 = Release|Any CPU
		{E4FD987B-A740-45E0-B191-F4AC32ED0297}.Debug|Any CPU.ActiveCfg = Debug|Any CPU
		{E4FD987B-A740-45E0-B191-F4AC32ED0297}.Debug|Any CPU.Build.0 = Debug|Any CPU
		{E4FD987B-A740-45E0-B191-F4AC32ED0297}.Release|Any CPU.ActiveCfg = Release|Any CPU
		{E4FD987B-A740-45E0-B191-F4AC32ED0297}.Release|Any CPU.Build.0 = Release|Any CPU
		{0679C50D-0206-4D9E-9809-4C0C86CA3D26}.Debug|Any CPU.ActiveCfg = Debug|Any CPU
		{0679C50D-0206-4D9E-9809-4C0C86CA3D26}.Debug|Any CPU.Build.0 = Debug|Any CPU
		{0679C50D-0206-4D9E-9809-4C0C86CA3D26}.Release|Any CPU.ActiveCfg = Release|Any CPU
		{0679C50D-0206-4D9E-9809-4C0C86CA3D26}.Release|Any CPU.Build.0 = Release|Any CPU
		{81DDED9D-158B-E303-5F62-77A2896D2A5A}.Debug|Any CPU.ActiveCfg = Debug|Any CPU
		{81DDED9D-158B-E303-5F62-77A2896D2A5A}.Debug|Any CPU.Build.0 = Debug|Any CPU
		{81DDED9D-158B-E303-5F62-77A2896D2A5A}.Release|Any CPU.ActiveCfg = Release|Any CPU
		{81DDED9D-158B-E303-5F62-77A2896D2A5A}.Release|Any CPU.Build.0 = Release|Any CPU
		{D1CE261B-0DE2-4928-AA4F-62B8A4ABC9EA}.Debug|Any CPU.ActiveCfg = Debug|Any CPU
		{D1CE261B-0DE2-4928-AA4F-62B8A4ABC9EA}.Debug|Any CPU.Build.0 = Debug|Any CPU
		{D1CE261B-0DE2-4928-AA4F-62B8A4ABC9EA}.Release|Any CPU.ActiveCfg = Release|Any CPU
		{D1CE261B-0DE2-4928-AA4F-62B8A4ABC9EA}.Release|Any CPU.Build.0 = Release|Any CPU
	EndGlobalSection
	GlobalSection(SolutionProperties) = preSolution
		HideSolutionNode = FALSE
	EndGlobalSection
	GlobalSection(ExtensibilityGlobals) = postSolution
		SolutionGuid = {F31F0E42-AAFA-4AC4-85C3-504259EED56A}
	EndGlobalSection
EndGlobal
